
Microsoft Visual Studio Solution File, Format Version 12.00
# Visual Studio Version 17
VisualStudioVersion = 17.3.32929.385
MinimumVisualStudioVersion = 10.0.40219.1
Project("{2150E333-8FDC-42A3-9474-1A3956D46DE8}") = "src", "src", "{C3EC964C-141B-49C2-90A5-0E92C107ECCF}"
EndProject
Project("{2150E333-8FDC-42A3-9474-1A3956D46DE8}") = "Core", "Core", "{7B46A747-164B-4EDF-9512-3DA16212D184}"
EndProject
Project("{2150E333-8FDC-42A3-9474-1A3956D46DE8}") = "Host", "Host", "{E3072955-D45C-44FC-A56F-F6E9E303B61A}"
EndProject
Project("{9A19103F-16F7-4668-BE54-9A1E7A4F7556}") = "Domain", "src\Core\Domain\Domain.csproj", "{893E9D24-302D-40DE-983D-F002F1B34783}"
EndProject
Project("{9A19103F-16F7-4668-BE54-9A1E7A4F7556}") = "Application", "src\Core\Application\Application.csproj", "{06A91C81-6ADA-4B52-87EB-AA230FE57714}"
EndProject
Project("{9A19103F-16F7-4668-BE54-9A1E7A4F7556}") = "Shared", "src\Core\Shared\Shared.csproj", "{D9683DDD-29EE-46C3-9549-72B1D2AFA007}"
EndProject
Project("{9A19103F-16F7-4668-BE54-9A1E7A4F7556}") = "Infrastructure", "src\Infrastructure\Infrastructure.csproj", "{5CB4E8CF-D7ED-4BC2-9EBC-1884BAC1C08A}"
EndProject
Project("{9A19103F-16F7-4668-BE54-9A1E7A4F7556}") = "IdentityServer", "src\Host\IdentityServer\IdentityServer.csproj", "{2A35C3AD-456E-483D-9107-AC8F75FE4994}"
EndProject
Project("{9A19103F-16F7-4668-BE54-9A1E7A4F7556}") = "WebApplication1", "src\Host\WebApplication1\WebApplication1.csproj", "{C9B00917-3C98-4458-B58D-6029686F27BB}"
EndProject
Project("{9A19103F-16F7-4668-BE54-9A1E7A4F7556}") = "WebAPI", "src\Host\WebAPI\WebAPI.csproj", "{15B83183-BAF7-4E0D-8C73-FF8B0DBDA5D9}"
EndProject
Project("{2150E333-8FDC-42A3-9474-1A3956D46DE8}") = "Migrators", "Migrators", "{A51E88B7-C928-47E9-9CF9-8DA7371E059F}"
EndProject
Project("{9A19103F-16F7-4668-BE54-9A1E7A4F7556}") = "Migrators.PostgreSQL", "src\Migrators\Migrators.PostgreSQL\Migrators.PostgreSQL.csproj", "{B965DEA3-C93B-4D16-B29A-CD50C886616E}"
EndProject
Project("{FAE04EC0-301F-11D3-BF4B-00C04F79EFBC}") = "Contracts", "src\Core\Contracts\Contracts.csproj", "{2CC8882D-5091-4C4F-9F07-7753B5025479}"
EndProject
Project("{2150E333-8FDC-42A3-9474-1A3956D46DE8}") = "docs", "docs", "{4F8C8A38-106B-46D6-8893-D135FCB2688D}"
	ProjectSection(SolutionItems) = preProject
		Aggregates.Project.md = Aggregates.Project.md
	EndProjectSection
EndProject
Global
	GlobalSection(SolutionConfigurationPlatforms) = preSolution
		Debug|Any CPU = Debug|Any CPU
		Release|Any CPU = Release|Any CPU
	EndGlobalSection
	GlobalSection(ProjectConfigurationPlatforms) = postSolution
		{893E9D24-302D-40DE-983D-F002F1B34783}.Debug|Any CPU.ActiveCfg = Debug|Any CPU
		{893E9D24-302D-40DE-983D-F002F1B34783}.Debug|Any CPU.Build.0 = Debug|Any CPU
		{893E9D24-302D-40DE-983D-F002F1B34783}.Release|Any CPU.ActiveCfg = Release|Any CPU
		{893E9D24-302D-40DE-983D-F002F1B34783}.Release|Any CPU.Build.0 = Release|Any CPU
		{06A91C81-6ADA-4B52-87EB-AA230FE57714}.Debug|Any CPU.ActiveCfg = Debug|Any CPU
		{06A91C81-6ADA-4B52-87EB-AA230FE57714}.Debug|Any CPU.Build.0 = Debug|Any CPU
		{06A91C81-6ADA-4B52-87EB-AA230FE57714}.Release|Any CPU.ActiveCfg = Release|Any CPU
		{06A91C81-6ADA-4B52-87EB-AA230FE57714}.Release|Any CPU.Build.0 = Release|Any CPU
		{D9683DDD-29EE-46C3-9549-72B1D2AFA007}.Debug|Any CPU.ActiveCfg = Debug|Any CPU
		{D9683DDD-29EE-46C3-9549-72B1D2AFA007}.Debug|Any CPU.Build.0 = Debug|Any CPU
		{D9683DDD-29EE-46C3-9549-72B1D2AFA007}.Release|Any CPU.ActiveCfg = Release|Any CPU
		{D9683DDD-29EE-46C3-9549-72B1D2AFA007}.Release|Any CPU.Build.0 = Release|Any CPU
		{5CB4E8CF-D7ED-4BC2-9EBC-1884BAC1C08A}.Debug|Any CPU.ActiveCfg = Debug|Any CPU
		{5CB4E8CF-D7ED-4BC2-9EBC-1884BAC1C08A}.Debug|Any CPU.Build.0 = Debug|Any CPU
		{5CB4E8CF-D7ED-4BC2-9EBC-1884BAC1C08A}.Release|Any CPU.ActiveCfg = Release|Any CPU
		{5CB4E8CF-D7ED-4BC2-9EBC-1884BAC1C08A}.Release|Any CPU.Build.0 = Release|Any CPU
		{2A35C3AD-456E-483D-9107-AC8F75FE4994}.Debug|Any CPU.ActiveCfg = Debug|Any CPU
		{2A35C3AD-456E-483D-9107-AC8F75FE4994}.Debug|Any CPU.Build.0 = Debug|Any CPU
		{2A35C3AD-456E-483D-9107-AC8F75FE4994}.Release|Any CPU.ActiveCfg = Release|Any CPU
		{2A35C3AD-456E-483D-9107-AC8F75FE4994}.Release|Any CPU.Build.0 = Release|Any CPU
		{C9B00917-3C98-4458-B58D-6029686F27BB}.Debug|Any CPU.ActiveCfg = Debug|Any CPU
		{C9B00917-3C98-4458-B58D-6029686F27BB}.Debug|Any CPU.Build.0 = Debug|Any CPU
		{C9B00917-3C98-4458-B58D-6029686F27BB}.Release|Any CPU.ActiveCfg = Release|Any CPU
		{C9B00917-3C98-4458-B58D-6029686F27BB}.Release|Any CPU.Build.0 = Release|Any CPU
		{15B83183-BAF7-4E0D-8C73-FF8B0DBDA5D9}.Debug|Any CPU.ActiveCfg = Debug|Any CPU
		{15B83183-BAF7-4E0D-8C73-FF8B0DBDA5D9}.Debug|Any CPU.Build.0 = Debug|Any CPU
		{15B83183-BAF7-4E0D-8C73-FF8B0DBDA5D9}.Release|Any CPU.ActiveCfg = Release|Any CPU
		{15B83183-BAF7-4E0D-8C73-FF8B0DBDA5D9}.Release|Any CPU.Build.0 = Release|Any CPU
		{B965DEA3-C93B-4D16-B29A-CD50C886616E}.Debug|Any CPU.ActiveCfg = Debug|Any CPU
		{B965DEA3-C93B-4D16-B29A-CD50C886616E}.Debug|Any CPU.Build.0 = Debug|Any CPU
		{B965DEA3-C93B-4D16-B29A-CD50C886616E}.Release|Any CPU.ActiveCfg = Release|Any CPU
		{B965DEA3-C93B-4D16-B29A-CD50C886616E}.Release|Any CPU.Build.0 = Release|Any CPU
		{2CC8882D-5091-4C4F-9F07-7753B5025479}.Debug|Any CPU.ActiveCfg = Debug|Any CPU
		{2CC8882D-5091-4C4F-9F07-7753B5025479}.Debug|Any CPU.Build.0 = Debug|Any CPU
		{2CC8882D-5091-4C4F-9F07-7753B5025479}.Release|Any CPU.ActiveCfg = Release|Any CPU
		{2CC8882D-5091-4C4F-9F07-7753B5025479}.Release|Any CPU.Build.0 = Release|Any CPU
	EndGlobalSection
	GlobalSection(SolutionProperties) = preSolution
		HideSolutionNode = FALSE
	EndGlobalSection
	GlobalSection(NestedProjects) = preSolution
		{7B46A747-164B-4EDF-9512-3DA16212D184} = {C3EC964C-141B-49C2-90A5-0E92C107ECCF}
		{E3072955-D45C-44FC-A56F-F6E9E303B61A} = {C3EC964C-141B-49C2-90A5-0E92C107ECCF}
		{893E9D24-302D-40DE-983D-F002F1B34783} = {7B46A747-164B-4EDF-9512-3DA16212D184}
		{06A91C81-6ADA-4B52-87EB-AA230FE57714} = {7B46A747-164B-4EDF-9512-3DA16212D184}
		{D9683DDD-29EE-46C3-9549-72B1D2AFA007} = {7B46A747-164B-4EDF-9512-3DA16212D184}
		{5CB4E8CF-D7ED-4BC2-9EBC-1884BAC1C08A} = {C3EC964C-141B-49C2-90A5-0E92C107ECCF}
		{2A35C3AD-456E-483D-9107-AC8F75FE4994} = {E3072955-D45C-44FC-A56F-F6E9E303B61A}
		{C9B00917-3C98-4458-B58D-6029686F27BB} = {E3072955-D45C-44FC-A56F-F6E9E303B61A}
		{15B83183-BAF7-4E0D-8C73-FF8B0DBDA5D9} = {E3072955-D45C-44FC-A56F-F6E9E303B61A}
		{A51E88B7-C928-47E9-9CF9-8DA7371E059F} = {C3EC964C-141B-49C2-90A5-0E92C107ECCF}
		{B965DEA3-C93B-4D16-B29A-CD50C886616E} = {A51E88B7-C928-47E9-9CF9-8DA7371E059F}
		{2CC8882D-5091-4C4F-9F07-7753B5025479} = {7B46A747-164B-4EDF-9512-3DA16212D184}
	EndGlobalSection
	GlobalSection(ExtensibilityGlobals) = postSolution
		SolutionGuid = {5B34D5E2-4041-4360-8D81-CBE638C0E2BB}
	EndGlobalSection
EndGlobal
